# THIS IS AN AUTOGENERATED FILE. DO NOT EDIT THIS FILE DIRECTLY.
# yarn lockfile v1


"@emnapi/core@^1.5.0":
  version "1.7.1"
  resolved "https://registry.yarnpkg.com/@emnapi/core/-/core-1.7.1.tgz#3a79a02dbc84f45884a1806ebb98e5746bdfaac4"
  integrity sha512-o1uhUASyo921r2XtHYOHy7gdkGLge8ghBEQHMWmyJFoXlpU58kIrhhN3w26lpQb6dspetweapMn2CSNwQ8I4wg==
  dependencies:
    "@emnapi/wasi-threads" "1.1.0"
    tslib "^2.4.0"

"@emnapi/runtime@^1.5.0":
  version "1.7.1"
  resolved "https://registry.yarnpkg.com/@emnapi/runtime/-/runtime-1.7.1.tgz#a73784e23f5d57287369c808197288b52276b791"
  integrity sha512-PVtJr5CmLwYAU9PZDMITZoR5iAOShYREoR45EyyLrbntV50mdePTgUn4AmOw90Ifcj+x2kRjdzr1HP3RrNiHGA==
  dependencies:
    tslib "^2.4.0"

"@emnapi/wasi-threads@1.1.0":
  version "1.1.0"
  resolved "https://registry.yarnpkg.com/@emnapi/wasi-threads/-/wasi-threads-1.1.0.tgz#60b2102fddc9ccb78607e4a3cf8403ea69be41bf"
  integrity sha512-WI0DdZ8xFSbgMjR1sFsKABJ/C5OnRrjT06JXbZKexJGrDuPTzZdDYfFlsgcCXCyf+suG5QU2e/y1Wo2V/OapLQ==
  dependencies:
    tslib "^2.4.0"

"@esbuild/aix-ppc64@0.25.1":
  version "0.25.1"
  resolved "https://registry.yarnpkg.com/@esbuild/aix-ppc64/-/aix-ppc64-0.25.1.tgz#c33cf6bbee34975626b01b80451cbb72b4c6c91d"
  integrity sha512-kfYGy8IdzTGy+z0vFGvExZtxkFlA4zAxgKEahG9KE1ScBjpQnFsNOX8KTU5ojNru5ed5CVoJYXFtoxaq5nFbjQ==

"@esbuild/aix-ppc64@0.25.12":
  version "0.25.12"
  resolved "https://registry.yarnpkg.com/@esbuild/aix-ppc64/-/aix-ppc64-0.25.12.tgz#80fcbe36130e58b7670511e888b8e88a259ed76c"
  integrity sha512-Hhmwd6CInZ3dwpuGTF8fJG6yoWmsToE+vYgD4nytZVxcu1ulHpUQRAB1UJ8+N1Am3Mz4+xOByoQoSZf4D+CpkA==

"@esbuild/android-arm64@0.25.1":
  version "0.25.1"
  resolved "https://registry.yarnpkg.com/@esbuild/android-arm64/-/android-arm64-0.25.1.tgz#ea766015c7d2655164f22100d33d7f0308a28d6d"
  integrity sha512-50tM0zCJW5kGqgG7fQ7IHvQOcAn9TKiVRuQ/lN0xR+T2lzEFvAi1ZcS8DiksFcEpf1t/GYOeOfCAgDHFpkiSmA==

"@esbuild/android-arm64@0.25.12":
  version "0.25.12"
  resolved "https://registry.yarnpkg.com/@esbuild/android-arm64/-/android-arm64-0.25.12.tgz#8aa4965f8d0a7982dc21734bf6601323a66da752"
  integrity sha512-6AAmLG7zwD1Z159jCKPvAxZd4y/VTO0VkprYy+3N2FtJ8+BQWFXU+OxARIwA46c5tdD9SsKGZ/1ocqBS/gAKHg==

"@esbuild/android-arm@0.25.1":
  version "0.25.1"
  resolved "https://registry.yarnpkg.com/@esbuild/android-arm/-/android-arm-0.25.1.tgz#e84d2bf2fe2e6177a0facda3a575b2139fd3cb9c"
  integrity sha512-dp+MshLYux6j/JjdqVLnMglQlFu+MuVeNrmT5nk6q07wNhCdSnB7QZj+7G8VMUGh1q+vj2Bq8kRsuyA00I/k+Q==

"@esbuild/android-arm@0.25.12":
  version "0.25.12"
  resolved "https://registry.yarnpkg.com/@esbuild/android-arm/-/android-arm-0.25.12.tgz#300712101f7f50f1d2627a162e6e09b109b6767a"
  integrity sha512-VJ+sKvNA/GE7Ccacc9Cha7bpS8nyzVv0jdVgwNDaR4gDMC/2TTRc33Ip8qrNYUcpkOHUT5OZ0bUcNNVZQ9RLlg==

"@esbuild/android-x64@0.25.1":
  version "0.25.1"
  resolved "https://registry.yarnpkg.com/@esbuild/android-x64/-/android-x64-0.25.1.tgz#58337bee3bc6d78d10425e5500bd11370cfdfbed"
  integrity sha512-GCj6WfUtNldqUzYkN/ITtlhwQqGWu9S45vUXs7EIYf+7rCiiqH9bCloatO9VhxsL0Pji+PF4Lz2XXCES+Q8hDw==

"@esbuild/android-x64@0.25.12":
  version "0.25.12"
  resolved "https://registry.yarnpkg.com/@esbuild/android-x64/-/android-x64-0.25.12.tgz#87dfb27161202bdc958ef48bb61b09c758faee16"
  integrity sha512-5jbb+2hhDHx5phYR2By8GTWEzn6I9UqR11Kwf22iKbNpYrsmRB18aX/9ivc5cabcUiAT/wM+YIZ6SG9QO6a8kg==

"@esbuild/darwin-arm64@0.25.1":
  version "0.25.1"
  resolved "https://registry.yarnpkg.com/@esbuild/darwin-arm64/-/darwin-arm64-0.25.1.tgz#a46805c1c585d451aa83be72500bd6e8495dd591"
  integrity sha512-5hEZKPf+nQjYoSr/elb62U19/l1mZDdqidGfmFutVUjjUZrOazAtwK+Kr+3y0C/oeJfLlxo9fXb1w7L+P7E4FQ==

"@esbuild/darwin-arm64@0.25.12":
  version "0.25.12"
  resolved "https://registry.yarnpkg.com/@esbuild/darwin-arm64/-/darwin-arm64-0.25.12.tgz#79197898ec1ff745d21c071e1c7cc3c802f0c1fd"
  integrity sha512-N3zl+lxHCifgIlcMUP5016ESkeQjLj/959RxxNYIthIg+CQHInujFuXeWbWMgnTo4cp5XVHqFPmpyu9J65C1Yg==

"@esbuild/darwin-x64@0.25.1":
  version "0.25.1"
  resolved "https://registry.yarnpkg.com/@esbuild/darwin-x64/-/darwin-x64-0.25.1.tgz#0643e003bb238c63fc93ddbee7d26a003be3cd98"
  integrity sha512-hxVnwL2Dqs3fM1IWq8Iezh0cX7ZGdVhbTfnOy5uURtao5OIVCEyj9xIzemDi7sRvKsuSdtCAhMKarxqtlyVyfA==

"@esbuild/darwin-x64@0.25.12":
  version "0.25.12"
  resolved "https://registry.yarnpkg.com/@esbuild/darwin-x64/-/darwin-x64-0.25.12.tgz#146400a8562133f45c4d2eadcf37ddd09718079e"
  integrity sha512-HQ9ka4Kx21qHXwtlTUVbKJOAnmG1ipXhdWTmNXiPzPfWKpXqASVcWdnf2bnL73wgjNrFXAa3yYvBSd9pzfEIpA==

"@esbuild/freebsd-arm64@0.25.1":
  version "0.25.1"
  resolved "https://registry.yarnpkg.com/@esbuild/freebsd-arm64/-/freebsd-arm64-0.25.1.tgz#cff18da5469c09986b93e87979de5d6872fe8f8e"
  integrity sha512-1MrCZs0fZa2g8E+FUo2ipw6jw5qqQiH+tERoS5fAfKnRx6NXH31tXBKI3VpmLijLH6yriMZsxJtaXUyFt/8Y4A==

"@esbuild/freebsd-arm64@0.25.12":
  version "0.25.12"
  resolved "https://registry.yarnpkg.com/@esbuild/freebsd-arm64/-/freebsd-arm64-0.25.12.tgz#1c5f9ba7206e158fd2b24c59fa2d2c8bb47ca0fe"
  integrity sha512-gA0Bx759+7Jve03K1S0vkOu5Lg/85dou3EseOGUes8flVOGxbhDDh/iZaoek11Y8mtyKPGF3vP8XhnkDEAmzeg==

"@esbuild/freebsd-x64@0.25.1":
  version "0.25.1"
  resolved "https://registry.yarnpkg.com/@esbuild/freebsd-x64/-/freebsd-x64-0.25.1.tgz#362fc09c2de14987621c1878af19203c46365dde"
  integrity sha512-0IZWLiTyz7nm0xuIs0q1Y3QWJC52R8aSXxe40VUxm6BB1RNmkODtW6LHvWRrGiICulcX7ZvyH6h5fqdLu4gkww==

"@esbuild/freebsd-x64@0.25.12":
  version "0.25.12"
  resolved "https://registry.yarnpkg.com/@esbuild/freebsd-x64/-/freebsd-x64-0.25.12.tgz#ea631f4a36beaac4b9279fa0fcc6ca29eaeeb2b3"
  integrity sha512-TGbO26Yw2xsHzxtbVFGEXBFH0FRAP7gtcPE7P5yP7wGy7cXK2oO7RyOhL5NLiqTlBh47XhmIUXuGciXEqYFfBQ==

"@esbuild/linux-arm64@0.25.1":
  version "0.25.1"
  resolved "https://registry.yarnpkg.com/@esbuild/linux-arm64/-/linux-arm64-0.25.1.tgz#aa90d5b02efc97a271e124e6d1cea490634f7498"
  integrity sha512-jaN3dHi0/DDPelk0nLcXRm1q7DNJpjXy7yWaWvbfkPvI+7XNSc/lDOnCLN7gzsyzgu6qSAmgSvP9oXAhP973uQ==

"@esbuild/linux-arm64@0.25.12":
  version "0.25.12"
  resolved "https://registry.yarnpkg.com/@esbuild/linux-arm64/-/linux-arm64-0.25.12.tgz#e1066bce58394f1b1141deec8557a5f0a22f5977"
  integrity sha512-8bwX7a8FghIgrupcxb4aUmYDLp8pX06rGh5HqDT7bB+8Rdells6mHvrFHHW2JAOPZUbnjUpKTLg6ECyzvas2AQ==

"@esbuild/linux-arm@0.25.1":
  version "0.25.1"
  resolved "https://registry.yarnpkg.com/@esbuild/linux-arm/-/linux-arm-0.25.1.tgz#dfcefcbac60a20918b19569b4b657844d39db35a"
  integrity sha512-NdKOhS4u7JhDKw9G3cY6sWqFcnLITn6SqivVArbzIaf3cemShqfLGHYMx8Xlm/lBit3/5d7kXvriTUGa5YViuQ==

"@esbuild/linux-arm@0.25.12":
  version "0.25.12"
  resolved "https://registry.yarnpkg.com/@esbuild/linux-arm/-/linux-arm-0.25.12.tgz#452cd66b20932d08bdc53a8b61c0e30baf4348b9"
  integrity sha512-lPDGyC1JPDou8kGcywY0YILzWlhhnRjdof3UlcoqYmS9El818LLfJJc3PXXgZHrHCAKs/Z2SeZtDJr5MrkxtOw==

"@esbuild/linux-ia32@0.25.1":
  version "0.25.1"
  resolved "https://registry.yarnpkg.com/@esbuild/linux-ia32/-/linux-ia32-0.25.1.tgz#6f9527077ccb7953ed2af02e013d4bac69f13754"
  integrity sha512-OJykPaF4v8JidKNGz8c/q1lBO44sQNUQtq1KktJXdBLn1hPod5rE/Hko5ugKKZd+D2+o1a9MFGUEIUwO2YfgkQ==

"@esbuild/linux-ia32@0.25.12":
  version "0.25.12"
  resolved "https://registry.yarnpkg.com/@esbuild/linux-ia32/-/linux-ia32-0.25.12.tgz#b24f8acc45bcf54192c7f2f3be1b53e6551eafe0"
  integrity sha512-0y9KrdVnbMM2/vG8KfU0byhUN+EFCny9+8g202gYqSSVMonbsCfLjUO+rCci7pM0WBEtz+oK/PIwHkzxkyharA==

"@esbuild/linux-loong64@0.25.1":
  version "0.25.1"
  resolved "https://registry.yarnpkg.com/@esbuild/linux-loong64/-/linux-loong64-0.25.1.tgz#287d2412a5456e5860c2839d42a4b51284d1697c"
  integrity sha512-nGfornQj4dzcq5Vp835oM/o21UMlXzn79KobKlcs3Wz9smwiifknLy4xDCLUU0BWp7b/houtdrgUz7nOGnfIYg==

"@esbuild/linux-loong64@0.25.12":
  version "0.25.12"
  resolved "https://registry.yarnpkg.com/@esbuild/linux-loong64/-/linux-loong64-0.25.12.tgz#f9cfffa7fc8322571fbc4c8b3268caf15bd81ad0"
  integrity sha512-h///Lr5a9rib/v1GGqXVGzjL4TMvVTv+s1DPoxQdz7l/AYv6LDSxdIwzxkrPW438oUXiDtwM10o9PmwS/6Z0Ng==

"@esbuild/linux-mips64el@0.25.1":
  version "0.25.1"
  resolved "https://registry.yarnpkg.com/@esbuild/linux-mips64el/-/linux-mips64el-0.25.1.tgz#530574b9e1bc5d20f7a4f44c5f045e26f3783d57"
  integrity sha512-1osBbPEFYwIE5IVB/0g2X6i1qInZa1aIoj1TdL4AaAb55xIIgbg8Doq6a5BzYWgr+tEcDzYH67XVnTmUzL+nXg==

"@esbuild/linux-mips64el@0.25.12":
  version "0.25.12"
  resolved "https://registry.yarnpkg.com/@esbuild/linux-mips64el/-/linux-mips64el-0.25.12.tgz#575a14bd74644ffab891adc7d7e60d275296f2cd"
  integrity sha512-iyRrM1Pzy9GFMDLsXn1iHUm18nhKnNMWscjmp4+hpafcZjrr2WbT//d20xaGljXDBYHqRcl8HnxbX6uaA/eGVw==

"@esbuild/linux-ppc64@0.25.1":
  version "0.25.1"
  resolved "https://registry.yarnpkg.com/@esbuild/linux-ppc64/-/linux-ppc64-0.25.1.tgz#5d7e6b283a0b321ea42c6bc0abeb9eb99c1f5589"
  integrity sha512-/6VBJOwUf3TdTvJZ82qF3tbLuWsscd7/1w+D9LH0W/SqUgM5/JJD0lrJ1fVIfZsqB6RFmLCe0Xz3fmZc3WtyVg==

"@esbuild/linux-ppc64@0.25.12":
  version "0.25.12"
  resolved "https://registry.yarnpkg.com/@esbuild/linux-ppc64/-/linux-ppc64-0.25.12.tgz#75b99c70a95fbd5f7739d7692befe60601591869"
  integrity sha512-9meM/lRXxMi5PSUqEXRCtVjEZBGwB7P/D4yT8UG/mwIdze2aV4Vo6U5gD3+RsoHXKkHCfSxZKzmDssVlRj1QQA==

"@esbuild/linux-riscv64@0.25.1":
  version "0.25.1"
  resolved "https://registry.yarnpkg.com/@esbuild/linux-riscv64/-/linux-riscv64-0.25.1.tgz#14fa0cd073c26b4ee2465d18cd1e18eea7859fa8"
  integrity sha512-nSut/Mx5gnilhcq2yIMLMe3Wl4FK5wx/o0QuuCLMtmJn+WeWYoEGDN1ipcN72g1WHsnIbxGXd4i/MF0gTcuAjQ==

"@esbuild/linux-riscv64@0.25.12":
  version "0.25.12"
  resolved "https://registry.yarnpkg.com/@esbuild/linux-riscv64/-/linux-riscv64-0.25.12.tgz#2e3259440321a44e79ddf7535c325057da875cd6"
  integrity sha512-Zr7KR4hgKUpWAwb1f3o5ygT04MzqVrGEGXGLnj15YQDJErYu/BGg+wmFlIDOdJp0PmB0lLvxFIOXZgFRrdjR0w==

"@esbuild/linux-s390x@0.25.1":
  version "0.25.1"
  resolved "https://registry.yarnpkg.com/@esbuild/linux-s390x/-/linux-s390x-0.25.1.tgz#e677b4b9d1b384098752266ccaa0d52a420dc1aa"
  integrity sha512-cEECeLlJNfT8kZHqLarDBQso9a27o2Zd2AQ8USAEoGtejOrCYHNtKP8XQhMDJMtthdF4GBmjR2au3x1udADQQQ==

"@esbuild/linux-s390x@0.25.12":
  version "0.25.12"
  resolved "https://registry.yarnpkg.com/@esbuild/linux-s390x/-/linux-s390x-0.25.12.tgz#17676cabbfe5928da5b2a0d6df5d58cd08db2663"
  integrity sha512-MsKncOcgTNvdtiISc/jZs/Zf8d0cl/t3gYWX8J9ubBnVOwlk65UIEEvgBORTiljloIWnBzLs4qhzPkJcitIzIg==

"@esbuild/linux-x64@0.25.1":
  version "0.25.1"
  resolved "https://registry.yarnpkg.com/@esbuild/linux-x64/-/linux-x64-0.25.1.tgz#f1c796b78fff5ce393658313e8c58613198d9954"
  integrity sha512-xbfUhu/gnvSEg+EGovRc+kjBAkrvtk38RlerAzQxvMzlB4fXpCFCeUAYzJvrnhFtdeyVCDANSjJvOvGYoeKzFA==

"@esbuild/linux-x64@0.25.12":
  version "0.25.12"
  resolved "https://registry.yarnpkg.com/@esbuild/linux-x64/-/linux-x64-0.25.12.tgz#0583775685ca82066d04c3507f09524d3cd7a306"
  integrity sha512-uqZMTLr/zR/ed4jIGnwSLkaHmPjOjJvnm6TVVitAa08SLS9Z0VM8wIRx7gWbJB5/J54YuIMInDquWyYvQLZkgw==

"@esbuild/netbsd-arm64@0.25.1":
  version "0.25.1"
  resolved "https://registry.yarnpkg.com/@esbuild/netbsd-arm64/-/netbsd-arm64-0.25.1.tgz#0d280b7dfe3973f111b02d5fe9f3063b92796d29"
  integrity sha512-O96poM2XGhLtpTh+s4+nP7YCCAfb4tJNRVZHfIE7dgmax+yMP2WgMd2OecBuaATHKTHsLWHQeuaxMRnCsH8+5g==

"@esbuild/netbsd-arm64@0.25.12":
  version "0.25.12"
  resolved "https://registry.yarnpkg.com/@esbuild/netbsd-arm64/-/netbsd-arm64-0.25.12.tgz#f04c4049cb2e252fe96b16fed90f70746b13f4a4"
  integrity sha512-xXwcTq4GhRM7J9A8Gv5boanHhRa/Q9KLVmcyXHCTaM4wKfIpWkdXiMog/KsnxzJ0A1+nD+zoecuzqPmCRyBGjg==

"@esbuild/netbsd-x64@0.25.1":
  version "0.25.1"
  resolved "https://registry.yarnpkg.com/@esbuild/netbsd-x64/-/netbsd-x64-0.25.1.tgz#be663893931a4bb3f3a009c5cc24fa9681cc71c0"
  integrity sha512-X53z6uXip6KFXBQ+Krbx25XHV/NCbzryM6ehOAeAil7X7oa4XIq+394PWGnwaSQ2WRA0KI6PUO6hTO5zeF5ijA==

"@esbuild/netbsd-x64@0.25.12":
  version "0.25.12"
  resolved "https://registry.yarnpkg.com/@esbuild/netbsd-x64/-/netbsd-x64-0.25.12.tgz#77da0d0a0d826d7c921eea3d40292548b258a076"
  integrity sha512-Ld5pTlzPy3YwGec4OuHh1aCVCRvOXdH8DgRjfDy/oumVovmuSzWfnSJg+VtakB9Cm0gxNO9BzWkj6mtO1FMXkQ==

"@esbuild/openbsd-arm64@0.25.1":
  version "0.25.1"
  resolved "https://registry.yarnpkg.com/@esbuild/openbsd-arm64/-/openbsd-arm64-0.25.1.tgz#d9021b884233673a05dc1cc26de0bf325d824217"
  integrity sha512-Na9T3szbXezdzM/Kfs3GcRQNjHzM6GzFBeU1/6IV/npKP5ORtp9zbQjvkDJ47s6BCgaAZnnnu/cY1x342+MvZg==

"@esbuild/openbsd-arm64@0.25.12":
  version "0.25.12"
  resolved "https://registry.yarnpkg.com/@esbuild/openbsd-arm64/-/openbsd-arm64-0.25.12.tgz#6296f5867aedef28a81b22ab2009c786a952dccd"
  integrity sha512-fF96T6KsBo/pkQI950FARU9apGNTSlZGsv1jZBAlcLL1MLjLNIWPBkj5NlSz8aAzYKg+eNqknrUJ24QBybeR5A==

"@esbuild/openbsd-x64@0.25.1":
  version "0.25.1"
  resolved "https://registry.yarnpkg.com/@esbuild/openbsd-x64/-/openbsd-x64-0.25.1.tgz#9f1dc1786ed2e2938c404b06bcc48be9a13250de"
  integrity sha512-T3H78X2h1tszfRSf+txbt5aOp/e7TAz3ptVKu9Oyir3IAOFPGV6O9c2naym5TOriy1l0nNf6a4X5UXRZSGX/dw==

"@esbuild/openbsd-x64@0.25.12":
  version "0.25.12"
  resolved "https://registry.yarnpkg.com/@esbuild/openbsd-x64/-/openbsd-x64-0.25.12.tgz#f8d23303360e27b16cf065b23bbff43c14142679"
  integrity sha512-MZyXUkZHjQxUvzK7rN8DJ3SRmrVrke8ZyRusHlP+kuwqTcfWLyqMOE3sScPPyeIXN/mDJIfGXvcMqCgYKekoQw==

"@esbuild/openharmony-arm64@0.25.12":
  version "0.25.12"
  resolved "https://registry.yarnpkg.com/@esbuild/openharmony-arm64/-/openharmony-arm64-0.25.12.tgz#49e0b768744a3924be0d7fd97dd6ce9b2923d88d"
  integrity sha512-rm0YWsqUSRrjncSXGA7Zv78Nbnw4XL6/dzr20cyrQf7ZmRcsovpcRBdhD43Nuk3y7XIoW2OxMVvwuRvk9XdASg==

"@esbuild/sunos-x64@0.25.1":
  version "0.25.1"
  resolved "https://registry.yarnpkg.com/@esbuild/sunos-x64/-/sunos-x64-0.25.1.tgz#89aac24a4b4115959b3f790192cf130396696c27"
  integrity sha512-2H3RUvcmULO7dIE5EWJH8eubZAI4xw54H1ilJnRNZdeo8dTADEZ21w6J22XBkXqGJbe0+wnNJtw3UXRoLJnFEg==

"@esbuild/sunos-x64@0.25.12":
  version "0.25.12"
  resolved "https://registry.yarnpkg.com/@esbuild/sunos-x64/-/sunos-x64-0.25.12.tgz#a6ed7d6778d67e528c81fb165b23f4911b9b13d6"
  integrity sha512-3wGSCDyuTHQUzt0nV7bocDy72r2lI33QL3gkDNGkod22EsYl04sMf0qLb8luNKTOmgF/eDEDP5BFNwoBKH441w==

"@esbuild/win32-arm64@0.25.1":
  version "0.25.1"
  resolved "https://registry.yarnpkg.com/@esbuild/win32-arm64/-/win32-arm64-0.25.1.tgz#354358647a6ea98ea6d243bf48bdd7a434999582"
  integrity sha512-GE7XvrdOzrb+yVKB9KsRMq+7a2U/K5Cf/8grVFRAGJmfADr/e/ODQ134RK2/eeHqYV5eQRFxb1hY7Nr15fv1NQ==

"@esbuild/win32-arm64@0.25.12":
  version "0.25.12"
  resolved "https://registry.yarnpkg.com/@esbuild/win32-arm64/-/win32-arm64-0.25.12.tgz#9ac14c378e1b653af17d08e7d3ce34caef587323"
  integrity sha512-rMmLrur64A7+DKlnSuwqUdRKyd3UE7oPJZmnljqEptesKM8wx9J8gx5u0+9Pq0fQQW8vqeKebwNXdfOyP+8Bsg==

"@esbuild/win32-ia32@0.25.1":
  version "0.25.1"
  resolved "https://registry.yarnpkg.com/@esbuild/win32-ia32/-/win32-ia32-0.25.1.tgz#8cea7340f2647eba951a041dc95651e3908cd4cb"
  integrity sha512-uOxSJCIcavSiT6UnBhBzE8wy3n0hOkJsBOzy7HDAuTDE++1DJMRRVCPGisULScHL+a/ZwdXPpXD3IyFKjA7K8A==

"@esbuild/win32-ia32@0.25.12":
  version "0.25.12"
  resolved "https://registry.yarnpkg.com/@esbuild/win32-ia32/-/win32-ia32-0.25.12.tgz#918942dcbbb35cc14fca39afb91b5e6a3d127267"
  integrity sha512-HkqnmmBoCbCwxUKKNPBixiWDGCpQGVsrQfJoVGYLPT41XWF8lHuE5N6WhVia2n4o5QK5M4tYr21827fNhi4byQ==

"@esbuild/win32-x64@0.25.1":
  version "0.25.1"
  resolved "https://registry.yarnpkg.com/@esbuild/win32-x64/-/win32-x64-0.25.1.tgz#7d79922cb2d88f9048f06393dbf62d2e4accb584"
  integrity sha512-Y1EQdcfwMSeQN/ujR5VayLOJ1BHaK+ssyk0AEzPjC+t1lITgsnccPqFjb6V+LsTp/9Iov4ysfjxLaGJ9RPtkVg==

"@esbuild/win32-x64@0.25.12":
  version "0.25.12"
  resolved "https://registry.yarnpkg.com/@esbuild/win32-x64/-/win32-x64-0.25.12.tgz#9bdad8176be7811ad148d1f8772359041f46c6c5"
  integrity sha512-alJC0uCZpTFrSL0CCDjcgleBXPnCrEAhTBILpeAp7M/OFgoqtAetfBzX0xM00MUsVVPpVjlPuMbREqnZCXaTnA==

"@napi-rs/wasm-runtime@^1.0.7":
  version "1.0.7"
  resolved "https://registry.yarnpkg.com/@napi-rs/wasm-runtime/-/wasm-runtime-1.0.7.tgz#dcfea99a75f06209a235f3d941e3460a51e9b14c"
  integrity sha512-SeDnOO0Tk7Okiq6DbXmmBODgOAb9dp9gjlphokTUxmt8U3liIP1ZsozBahH69j/RJv+Rfs6IwUKHTgQYJ/HBAw==
  dependencies:
    "@emnapi/core" "^1.5.0"
    "@emnapi/runtime" "^1.5.0"
    "@tybys/wasm-util" "^0.10.1"

"@oxc-project/types@=0.99.0":
  version "0.99.0"
  resolved "https://registry.yarnpkg.com/@oxc-project/types/-/types-0.99.0.tgz#5f59db0ae50d0b7669771465cca22606a3bfe308"
  integrity sha512-LLDEhXB7g1m5J+woRSgfKsFPS3LhR9xRhTeIoEBm5WrkwMxn6eZ0Ld0c0K5eHB57ChZX6I3uSmmLjZ8pcjlRcw==

"@rolldown/binding-android-arm64@1.0.0-beta.52":
  version "1.0.0-beta.52"
  resolved "https://registry.yarnpkg.com/@rolldown/binding-android-arm64/-/binding-android-arm64-1.0.0-beta.52.tgz#734504fac4771176d1fd97699699476005b877c2"
  integrity sha512-MBGIgysimZPqTDcLXI+i9VveijkP5C3EAncEogXhqfax6YXj1Tr2LY3DVuEOMIjWfMPMhtQSPup4fSTAmgjqIw==

"@rolldown/binding-darwin-arm64@1.0.0-beta.52":
  version "1.0.0-beta.52"
  resolved "https://registry.yarnpkg.com/@rolldown/binding-darwin-arm64/-/binding-darwin-arm64-1.0.0-beta.52.tgz#073b685a1cbc421fc5cf23be898399efbed43b2f"
  integrity sha512-MmKeoLnKu1d9j6r19K8B+prJnIZ7u+zQ+zGQ3YHXGnr41rzE3eqQLovlkvoZnRoxDGPA4ps0pGiwXy6YE3lJyg==

"@rolldown/binding-darwin-x64@1.0.0-beta.52":
  version "1.0.0-beta.52"
  resolved "https://registry.yarnpkg.com/@rolldown/binding-darwin-x64/-/binding-darwin-x64-1.0.0-beta.52.tgz#f03055fdb09e2bf3369be0e899c68fac9ff1cd9c"
  integrity sha512-qpHedvQBmIjT8zdnjN3nWPR2qjQyJttbXniCEKKdHeAbZG9HyNPBUzQF7AZZGwmS9coQKL+hWg9FhWzh2dZ2IA==

"@rolldown/binding-freebsd-x64@1.0.0-beta.52":
  version "1.0.0-beta.52"
  resolved "https://registry.yarnpkg.com/@rolldown/binding-freebsd-x64/-/binding-freebsd-x64-1.0.0-beta.52.tgz#4db3dec7becd845520a4c861245e1d4b267f846a"
  integrity sha512-dDp7WbPapj/NVW0LSiH/CLwMhmLwwKb3R7mh2kWX+QW85X1DGVnIEyKh9PmNJjB/+suG1dJygdtdNPVXK1hylg==

"@rolldown/binding-linux-arm-gnueabihf@1.0.0-beta.52":
  version "1.0.0-beta.52"
  resolved "https://registry.yarnpkg.com/@rolldown/binding-linux-arm-gnueabihf/-/binding-linux-arm-gnueabihf-1.0.0-beta.52.tgz#9e59d3f23203895f42d0b2aeed16c5fa6c67d291"
  integrity sha512-9e4l6vy5qNSliDPqNfR6CkBOAx6PH7iDV4OJiEJzajajGrVy8gc/IKKJUsoE52G8ud8MX6r3PMl97NfwgOzB7g==

"@rolldown/binding-linux-arm64-gnu@1.0.0-beta.52":
  version "1.0.0-beta.52"
  resolved "https://registry.yarnpkg.com/@rolldown/binding-linux-arm64-gnu/-/binding-linux-arm64-gnu-1.0.0-beta.52.tgz#b24de9a79b40c79949e52d264d2ed899af02b7c8"
  integrity sha512-V48oDR84feRU2KRuzpALp594Uqlx27+zFsT6+BgTcXOtu7dWy350J1G28ydoCwKB+oxwsRPx2e7aeQnmd3YJbQ==

"@rolldown/binding-linux-arm64-musl@1.0.0-beta.52":
  version "1.0.0-beta.52"
  resolved "https://registry.yarnpkg.com/@rolldown/binding-linux-arm64-musl/-/binding-linux-arm64-musl-1.0.0-beta.52.tgz#5482f1f0f977c4f757a86584d4c80de15c3c0670"
  integrity sha512-ENLmSQCWqSA/+YN45V2FqTIemg7QspaiTjlm327eUAMeOLdqmSOVVyrQexJGNTQ5M8sDYCgVAig2Kk01Ggmqaw==

"@rolldown/binding-linux-x64-gnu@1.0.0-beta.52":
  version "1.0.0-beta.52"
  resolved "https://registry.yarnpkg.com/@rolldown/binding-linux-x64-gnu/-/binding-linux-x64-gnu-1.0.0-beta.52.tgz#e2cb65499fdf59c5031bbf7849b4d82b2ad3deb4"
  integrity sha512-klahlb2EIFltSUubn/VLjuc3qxp1E7th8ukayPfdkcKvvYcQ5rJztgx8JsJSuAKVzKtNTqUGOhy4On71BuyV8g==

"@rolldown/binding-linux-x64-musl@1.0.0-beta.52":
  version "1.0.0-beta.52"
  resolved "https://registry.yarnpkg.com/@rolldown/binding-linux-x64-musl/-/binding-linux-x64-musl-1.0.0-beta.52.tgz#950b22dc188521a74938bcd2fe3f73f19aa086e7"
  integrity sha512-UuA+JqQIgqtkgGN2c/AQ5wi8M6mJHrahz/wciENPTeI6zEIbbLGoth5XN+sQe2pJDejEVofN9aOAp0kaazwnVg==

"@rolldown/binding-openharmony-arm64@1.0.0-beta.52":
  version "1.0.0-beta.52"
  resolved "https://registry.yarnpkg.com/@rolldown/binding-openharmony-arm64/-/binding-openharmony-arm64-1.0.0-beta.52.tgz#496c12579da3620c7d4daa39eac4474ea5e8de82"
  integrity sha512-1BNQW8u4ro8bsN1+tgKENJiqmvc+WfuaUhXzMImOVSMw28pkBKdfZtX2qJPADV3terx+vNJtlsgSGeb3+W6Jiw==

"@rolldown/binding-wasm32-wasi@1.0.0-beta.52":
  version "1.0.0-beta.52"
  resolved "https://registry.yarnpkg.com/@rolldown/binding-wasm32-wasi/-/binding-wasm32-wasi-1.0.0-beta.52.tgz#a06cb59dca62f34e3c08afc97bacaff5e646f15f"
  integrity sha512-K/p7clhCqJOQpXGykrFaBX2Dp9AUVIDHGc+PtFGBwg7V+mvBTv/tsm3LC3aUmH02H2y3gz4y+nUTQ0MLpofEEg==
  dependencies:
    "@napi-rs/wasm-runtime" "^1.0.7"

"@rolldown/binding-win32-arm64-msvc@1.0.0-beta.52":
  version "1.0.0-beta.52"
  resolved "https://registry.yarnpkg.com/@rolldown/binding-win32-arm64-msvc/-/binding-win32-arm64-msvc-1.0.0-beta.52.tgz#73042d9084ab9838ca03ad57f7b2a63c58da6a02"
  integrity sha512-a4EkXBtnYYsKipjS7QOhEBM4bU5IlR9N1hU+JcVEVeuTiaslIyhWVKsvf7K2YkQHyVAJ+7/A9BtrGqORFcTgng==

"@rolldown/binding-win32-ia32-msvc@1.0.0-beta.52":
  version "1.0.0-beta.52"
  resolved "https://registry.yarnpkg.com/@rolldown/binding-win32-ia32-msvc/-/binding-win32-ia32-msvc-1.0.0-beta.52.tgz#c8ba7b003fe8552bf21bd93ec7f6d7f9681cbdf5"
  integrity sha512-5ZXcYyd4GxPA6QfbGrNcQjmjbuLGvfz6728pZMsQvGHI+06LT06M6TPtXvFvLgXtexc+OqvFe1yAIXJU1gob/w==

"@rolldown/binding-win32-x64-msvc@1.0.0-beta.52":
  version "1.0.0-beta.52"
  resolved "https://registry.yarnpkg.com/@rolldown/binding-win32-x64-msvc/-/binding-win32-x64-msvc-1.0.0-beta.52.tgz#6b53bf101d6cdfcde46adfdc1402963971eae4fc"
  integrity sha512-tzpnRQXJrSzb8Z9sm97UD3cY0toKOImx+xRKsDLX4zHaAlRXWh7jbaKBePJXEN7gNw7Nm03PBNwphdtA8KSUYQ==

"@rolldown/pluginutils@1.0.0-beta.52":
  version "1.0.0-beta.52"
  resolved "https://registry.yarnpkg.com/@rolldown/pluginutils/-/pluginutils-1.0.0-beta.52.tgz#8c6f510bef4e2600da2e8999e928b7c9d414a051"
  integrity sha512-/L0htLJZbaZFL1g9OHOblTxbCYIGefErJjtYOwgl9ZqNx27P3L0SDfjhhHIss32gu5NWgnxuT2a2Hnnv6QGHKA==

"@rollup/rollup-android-arm-eabi@4.53.3":
  version "4.53.3"
  resolved "https://registry.yarnpkg.com/@rollup/rollup-android-arm-eabi/-/rollup-android-arm-eabi-4.53.3.tgz#7e478b66180c5330429dd161bf84dad66b59c8eb"
  integrity sha512-mRSi+4cBjrRLoaal2PnqH82Wqyb+d3HsPUN/W+WslCXsZsyHa9ZeQQX/pQsZaVIWDkPcpV6jJ+3KLbTbgnwv8w==

"@rollup/rollup-android-arm64@4.53.3":
  version "4.53.3"
  resolved "https://registry.yarnpkg.com/@rollup/rollup-android-arm64/-/rollup-android-arm64-4.53.3.tgz#2b025510c53a5e3962d3edade91fba9368c9d71c"
  integrity sha512-CbDGaMpdE9sh7sCmTrTUyllhrg65t6SwhjlMJsLr+J8YjFuPmCEjbBSx4Z/e4SmDyH3aB5hGaJUP2ltV/vcs4w==

"@rollup/rollup-darwin-arm64@4.53.3":
  version "4.53.3"
  resolved "https://registry.yarnpkg.com/@rollup/rollup-darwin-arm64/-/rollup-darwin-arm64-4.53.3.tgz#3577c38af68ccf34c03e84f476bfd526abca10a0"
  integrity sha512-Nr7SlQeqIBpOV6BHHGZgYBuSdanCXuw09hon14MGOLGmXAFYjx1wNvquVPmpZnl0tLjg25dEdr4IQ6GgyToCUA==

"@rollup/rollup-darwin-x64@4.53.3":
  version "4.53.3"
  resolved "https://registry.yarnpkg.com/@rollup/rollup-darwin-x64/-/rollup-darwin-x64-4.53.3.tgz#2bf5f2520a1f3b551723d274b9669ba5b75ed69c"
  integrity sha512-DZ8N4CSNfl965CmPktJ8oBnfYr3F8dTTNBQkRlffnUarJ2ohudQD17sZBa097J8xhQ26AwhHJ5mvUyQW8ddTsQ==

"@rollup/rollup-freebsd-arm64@4.53.3":
  version "4.53.3"
  resolved "https://registry.yarnpkg.com/@rollup/rollup-freebsd-arm64/-/rollup-freebsd-arm64-4.53.3.tgz#4bb9cc80252564c158efc0710153c71633f1927c"
  integrity sha512-yMTrCrK92aGyi7GuDNtGn2sNW+Gdb4vErx4t3Gv/Tr+1zRb8ax4z8GWVRfr3Jw8zJWvpGHNpss3vVlbF58DZ4w==

"@rollup/rollup-freebsd-x64@4.53.3":
  version "4.53.3"
  resolved "https://registry.yarnpkg.com/@rollup/rollup-freebsd-x64/-/rollup-freebsd-x64-4.53.3.tgz#2301289094d49415a380cf942219ae9d8b127440"
  integrity sha512-lMfF8X7QhdQzseM6XaX0vbno2m3hlyZFhwcndRMw8fbAGUGL3WFMBdK0hbUBIUYcEcMhVLr1SIamDeuLBnXS+Q==

"@rollup/rollup-linux-arm-gnueabihf@4.53.3":
  version "4.53.3"
  resolved "https://registry.yarnpkg.com/@rollup/rollup-linux-arm-gnueabihf/-/rollup-linux-arm-gnueabihf-4.53.3.tgz#1d03d776f2065e09fc141df7d143476e94acca88"
  integrity sha512-k9oD15soC/Ln6d2Wv/JOFPzZXIAIFLp6B+i14KhxAfnq76ajt0EhYc5YPeX6W1xJkAdItcVT+JhKl1QZh44/qw==

"@rollup/rollup-linux-arm-musleabihf@4.53.3":
  version "4.53.3"
  resolved "https://registry.yarnpkg.com/@rollup/rollup-linux-arm-musleabihf/-/rollup-linux-arm-musleabihf-4.53.3.tgz#8623de0e040b2fd52a541c602688228f51f96701"
  integrity sha512-vTNlKq+N6CK/8UktsrFuc+/7NlEYVxgaEgRXVUVK258Z5ymho29skzW1sutgYjqNnquGwVUObAaxae8rZ6YMhg==

"@rollup/rollup-linux-arm64-gnu@4.53.3":
  version "4.53.3"
  resolved "https://registry.yarnpkg.com/@rollup/rollup-linux-arm64-gnu/-/rollup-linux-arm64-gnu-4.53.3.tgz#ce2d1999bc166277935dde0301cde3dd0417fb6e"
  integrity sha512-RGrFLWgMhSxRs/EWJMIFM1O5Mzuz3Xy3/mnxJp/5cVhZ2XoCAxJnmNsEyeMJtpK+wu0FJFWz+QF4mjCA7AUQ3w==

"@rollup/rollup-linux-arm64-musl@4.53.3":
  version "4.53.3"
  resolved "https://registry.yarnpkg.com/@rollup/rollup-linux-arm64-musl/-/rollup-linux-arm64-musl-4.53.3.tgz#88c2523778444da952651a2219026416564a4899"
  integrity sha512-kASyvfBEWYPEwe0Qv4nfu6pNkITLTb32p4yTgzFCocHnJLAHs+9LjUu9ONIhvfT/5lv4YS5muBHyuV84epBo/A==

"@rollup/rollup-linux-loong64-gnu@4.53.3":
  version "4.53.3"
  resolved "https://registry.yarnpkg.com/@rollup/rollup-linux-loong64-gnu/-/rollup-linux-loong64-gnu-4.53.3.tgz#578ca2220a200ac4226c536c10c8cc6e4f276714"
  integrity sha512-JiuKcp2teLJwQ7vkJ95EwESWkNRFJD7TQgYmCnrPtlu50b4XvT5MOmurWNrCj3IFdyjBQ5p9vnrX4JM6I8OE7g==

"@rollup/rollup-linux-ppc64-gnu@4.53.3":
  version "4.53.3"
  resolved "https://registry.yarnpkg.com/@rollup/rollup-linux-ppc64-gnu/-/rollup-linux-ppc64-gnu-4.53.3.tgz#aa338d3effd4168a20a5023834a74ba2c3081293"
  integrity sha512-EoGSa8nd6d3T7zLuqdojxC20oBfNT8nexBbB/rkxgKj5T5vhpAQKKnD+h3UkoMuTyXkP5jTjK/ccNRmQrPNDuw==

"@rollup/rollup-linux-riscv64-gnu@4.53.3":
  version "4.53.3"
  resolved "https://registry.yarnpkg.com/@rollup/rollup-linux-riscv64-gnu/-/rollup-linux-riscv64-gnu-4.53.3.tgz#16ba582f9f6cff58119aa242782209b1557a1508"
  integrity sha512-4s+Wped2IHXHPnAEbIB0YWBv7SDohqxobiiPA1FIWZpX+w9o2i4LezzH/NkFUl8LRci/8udci6cLq+jJQlh+0g==

"@rollup/rollup-linux-riscv64-musl@4.53.3":
  version "4.53.3"
  resolved "https://registry.yarnpkg.com/@rollup/rollup-linux-riscv64-musl/-/rollup-linux-riscv64-musl-4.53.3.tgz#e404a77ebd6378483888b8064c703adb011340ab"
  integrity sha512-68k2g7+0vs2u9CxDt5ktXTngsxOQkSEV/xBbwlqYcUrAVh6P9EgMZvFsnHy4SEiUl46Xf0IObWVbMvPrr2gw8A==

"@rollup/rollup-linux-s390x-gnu@4.53.3":
  version "4.53.3"
  resolved "https://registry.yarnpkg.com/@rollup/rollup-linux-s390x-gnu/-/rollup-linux-s390x-gnu-4.53.3.tgz#92ad52d306227c56bec43d96ad2164495437ffe6"
  integrity sha512-VYsFMpULAz87ZW6BVYw3I6sWesGpsP9OPcyKe8ofdg9LHxSbRMd7zrVrr5xi/3kMZtpWL/wC+UIJWJYVX5uTKg==

"@rollup/rollup-linux-x64-gnu@4.53.3":
  version "4.53.3"
  resolved "https://registry.yarnpkg.com/@rollup/rollup-linux-x64-gnu/-/rollup-linux-x64-gnu-4.53.3.tgz#fd0dea3bb9aa07e7083579f25e1c2285a46cb9fa"
  integrity sha512-3EhFi1FU6YL8HTUJZ51imGJWEX//ajQPfqWLI3BQq4TlvHy4X0MOr5q3D2Zof/ka0d5FNdPwZXm3Yyib/UEd+w==

"@rollup/rollup-linux-x64-musl@4.53.3":
  version "4.53.3"
  resolved "https://registry.yarnpkg.com/@rollup/rollup-linux-x64-musl/-/rollup-linux-x64-musl-4.53.3.tgz#37a3efb09f18d555f8afc490e1f0444885de8951"
  integrity sha512-eoROhjcc6HbZCJr+tvVT8X4fW3/5g/WkGvvmwz/88sDtSJzO7r/blvoBDgISDiCjDRZmHpwud7h+6Q9JxFwq1Q==

"@rollup/rollup-openharmony-arm64@4.53.3":
  version "4.53.3"
  resolved "https://registry.yarnpkg.com/@rollup/rollup-openharmony-arm64/-/rollup-openharmony-arm64-4.53.3.tgz#c489bec9f4f8320d42c9b324cca220c90091c1f7"
  integrity sha512-OueLAWgrNSPGAdUdIjSWXw+u/02BRTcnfw9PN41D2vq/JSEPnJnVuBgw18VkN8wcd4fjUs+jFHVM4t9+kBSNLw==

"@rollup/rollup-win32-arm64-msvc@4.53.3":
  version "4.53.3"
  resolved "https://registry.yarnpkg.com/@rollup/rollup-win32-arm64-msvc/-/rollup-win32-arm64-msvc-4.53.3.tgz#152832b5f79dc22d1606fac3db946283601b7080"
  integrity sha512-GOFuKpsxR/whszbF/bzydebLiXIHSgsEUp6M0JI8dWvi+fFa1TD6YQa4aSZHtpmh2/uAlj/Dy+nmby3TJ3pkTw==

"@rollup/rollup-win32-ia32-msvc@4.53.3":
  version "4.53.3"
  resolved "https://registry.yarnpkg.com/@rollup/rollup-win32-ia32-msvc/-/rollup-win32-ia32-msvc-4.53.3.tgz#54d91b2bb3bf3e9f30d32b72065a4e52b3a172a5"
  integrity sha512-iah+THLcBJdpfZ1TstDFbKNznlzoxa8fmnFYK4V67HvmuNYkVdAywJSoteUszvBQ9/HqN2+9AZghbajMsFT+oA==

"@rollup/rollup-win32-x64-gnu@4.53.3":
  version "4.53.3"
  resolved "https://registry.yarnpkg.com/@rollup/rollup-win32-x64-gnu/-/rollup-win32-x64-gnu-4.53.3.tgz#df9df03e61a003873efec8decd2034e7f135c71e"
  integrity sha512-J9QDiOIZlZLdcot5NXEepDkstocktoVjkaKUtqzgzpt2yWjGlbYiKyp05rWwk4nypbYUNoFAztEgixoLaSETkg==

"@rollup/rollup-win32-x64-msvc@4.53.3":
  version "4.53.3"
  resolved "https://registry.yarnpkg.com/@rollup/rollup-win32-x64-msvc/-/rollup-win32-x64-msvc-4.53.3.tgz#38ae84f4c04226c1d56a3b17296ef1e0460ecdfe"
  integrity sha512-UhTd8u31dXadv0MopwGgNOBpUVROFKWVQgAg5N1ESyCz8AuBcMqm4AuTjrwgQKGDfoFuz02EuMRHQIw/frmYKQ==

"@tybys/wasm-util@^0.10.1":
  version "0.10.1"
  resolved "https://registry.yarnpkg.com/@tybys/wasm-util/-/wasm-util-0.10.1.tgz#ecddd3205cf1e2d5274649ff0eedd2991ed7f414"
  integrity sha512-9tTaPJLSiejZKx+Bmog4uSubteqTvFrVrURwkmHixBo0G4seD0zUxp98E1DzUBJxLQ3NPwXrGKDiVjwx/DpPsg==
  dependencies:
    tslib "^2.4.0"

"@types/estree@1.0.8":
  version "1.0.8"
  resolved "https://registry.yarnpkg.com/@types/estree/-/estree-1.0.8.tgz#958b91c991b1867ced318bedea0e215ee050726e"
  integrity sha512-dWHzHa2WqEXI/O1E9OjrocMTKJl2mSrEolh1Iomrv6U+JuNwaHXsXx9bLu5gG7BUWFIN0skIQJQ/L1rIex4X6w==

debug@^4.4.0:
  version "4.4.0"
  resolved "https://registry.yarnpkg.com/debug/-/debug-4.4.0.tgz#2b3f2aea2ffeb776477460267377dc8710faba8a"
  integrity sha512-6WTZ/IxCY/T6BALoZHaE4ctp9xm+Z5kY/pzYaCHRFeyVhojxlrm+46y68HA6hr0TcwEssoxNiDEUJQjfPZ/RYA==
  dependencies:
    ms "^2.1.3"

es-module-lexer@^1.6.0:
  version "1.6.0"
  resolved "https://registry.yarnpkg.com/es-module-lexer/-/es-module-lexer-1.6.0.tgz#da49f587fd9e68ee2404fe4e256c0c7d3a81be21"
  integrity sha512-qqnD1yMU6tk/jnaMosogGySTZP8YtUgAffA9nMN+E/rjxcfRQ6IEk7IiozUjgxKoFHBGjTLnrHB/YC45r/59EQ==

esbuild@^0.25.0:
  version "0.25.12"
  resolved "https://registry.yarnpkg.com/esbuild/-/esbuild-0.25.12.tgz#97a1d041f4ab00c2fce2f838d2b9969a2d2a97a5"
  integrity sha512-bbPBYYrtZbkt6Os6FiTLCTFxvq4tt3JKall1vRwshA3fdVztsLAatFaZobhkBC8/BrPetoa0oksYoKXoG4ryJg==
  optionalDependencies:
    "@esbuild/aix-ppc64" "0.25.12"
    "@esbuild/android-arm" "0.25.12"
    "@esbuild/android-arm64" "0.25.12"
    "@esbuild/android-x64" "0.25.12"
    "@esbuild/darwin-arm64" "0.25.12"
    "@esbuild/darwin-x64" "0.25.12"
    "@esbuild/freebsd-arm64" "0.25.12"
    "@esbuild/freebsd-x64" "0.25.12"
    "@esbuild/linux-arm" "0.25.12"
    "@esbuild/linux-arm64" "0.25.12"
    "@esbuild/linux-ia32" "0.25.12"
    "@esbuild/linux-loong64" "0.25.12"
    "@esbuild/linux-mips64el" "0.25.12"
    "@esbuild/linux-ppc64" "0.25.12"
    "@esbuild/linux-riscv64" "0.25.12"
    "@esbuild/linux-s390x" "0.25.12"
    "@esbuild/linux-x64" "0.25.12"
    "@esbuild/netbsd-arm64" "0.25.12"
    "@esbuild/netbsd-x64" "0.25.12"
    "@esbuild/openbsd-arm64" "0.25.12"
    "@esbuild/openbsd-x64" "0.25.12"
    "@esbuild/openharmony-arm64" "0.25.12"
    "@esbuild/sunos-x64" "0.25.12"
    "@esbuild/win32-arm64" "0.25.12"
    "@esbuild/win32-ia32" "0.25.12"
    "@esbuild/win32-x64" "0.25.12"

esbuild@^0.25.1:
  version "0.25.1"
  resolved "https://registry.yarnpkg.com/esbuild/-/esbuild-0.25.1.tgz#a16b8d070b6ad4871935277bda6ccfe852e3fa2f"
  integrity sha512-BGO5LtrGC7vxnqucAe/rmvKdJllfGaYWdyABvyMoXQlfYMb2bbRuReWR5tEGE//4LcNJj9XrkovTqNYRFZHAMQ==
  optionalDependencies:
    "@esbuild/aix-ppc64" "0.25.1"
    "@esbuild/android-arm" "0.25.1"
    "@esbuild/android-arm64" "0.25.1"
    "@esbuild/android-x64" "0.25.1"
    "@esbuild/darwin-arm64" "0.25.1"
    "@esbuild/darwin-x64" "0.25.1"
    "@esbuild/freebsd-arm64" "0.25.1"
    "@esbuild/freebsd-x64" "0.25.1"
    "@esbuild/linux-arm" "0.25.1"
    "@esbuild/linux-arm64" "0.25.1"
    "@esbuild/linux-ia32" "0.25.1"
    "@esbuild/linux-loong64" "0.25.1"
    "@esbuild/linux-mips64el" "0.25.1"
    "@esbuild/linux-ppc64" "0.25.1"
    "@esbuild/linux-riscv64" "0.25.1"
    "@esbuild/linux-s390x" "0.25.1"
    "@esbuild/linux-x64" "0.25.1"
    "@esbuild/netbsd-arm64" "0.25.1"
    "@esbuild/netbsd-x64" "0.25.1"
    "@esbuild/openbsd-arm64" "0.25.1"
    "@esbuild/openbsd-x64" "0.25.1"
    "@esbuild/sunos-x64" "0.25.1"
    "@esbuild/win32-arm64" "0.25.1"
    "@esbuild/win32-ia32" "0.25.1"
    "@esbuild/win32-x64" "0.25.1"

fdir@^6.4.4, fdir@^6.5.0:
  version "6.5.0"
  resolved "https://registry.yarnpkg.com/fdir/-/fdir-6.5.0.tgz#ed2ab967a331ade62f18d077dae192684d50d350"
  integrity sha512-tIbYtZbucOs0BRGqPJkshJUYdL+SDH7dVM8gjy+ERp3WAUjLEFJE+02kanyHtwjWOnwrKYBiwAmM0p4kLJAnXg==

fsevents@~2.3.2, fsevents@~2.3.3:
  version "2.3.3"
  resolved "https://registry.yarnpkg.com/fsevents/-/fsevents-2.3.3.tgz#cac6407785d03675a2a5e1a5305c697b347d90d6"
  integrity sha512-5xoDfX+fL7faATnagmWPpbFtwh/R77WmMMqqHGS65C3vvB0YHrgF+B1YmZ3441tMj5n63k0212XNoJwzlhffQw==

get-tsconfig@^4.10.0:
  version "4.10.0"
  resolved "https://registry.yarnpkg.com/get-tsconfig/-/get-tsconfig-4.10.0.tgz#403a682b373a823612475a4c2928c7326fc0f6bb"
  integrity sha512-kGzZ3LWWQcGIAmg6iWvXn0ei6WDtV26wzHRMwDSzmAbcXrTEXxHy6IehI6/4eT6VRKyMP1eF1VqwrVUmE/LR7A==
  dependencies:
    resolve-pkg-maps "^1.0.0"

lodash-es@^4.17.21:
  version "4.17.21"
  resolved "https://registry.yarnpkg.com/lodash-es/-/lodash-es-4.17.21.tgz#43e626c46e6591b7750beb2b50117390c609e3ee"
  integrity sha512-mKnC+QJ9pWVzv+C4/U3rRsHapFfHvQFoFB92e52xeyGMcX6/OlIl78je1u8vePzYZSkkogMPJ2yjxxsb89cxyw==

ms@^2.1.3:
  version "2.1.3"
  resolved "https://registry.yarnpkg.com/ms/-/ms-2.1.3.tgz#574c8138ce1d2b5861f0b44579dbadd60c6615b2"
  integrity sha512-6FlzubTLZG3J2a/NVCAleEhjzq5oxgHyaCU9yYXvcLsvoVaHJq/s5xXI6/XXP6tz7R9xAOtHnSO/tXtF3WRTlA==

nanoid@^3.3.11:
  version "3.3.11"
  resolved "https://registry.yarnpkg.com/nanoid/-/nanoid-3.3.11.tgz#4f4f112cefbe303202f2199838128936266d185b"
  integrity sha512-N8SpfPUnUp1bK+PMYW8qSWdl9U+wwNWI4QKxOYDy9JAro3WMX7p2OeVRF9v+347pnakNevPmiHhNmZ2HbFA76w==

pathe@^2.0.2:
  version "2.0.3"
  resolved "https://registry.yarnpkg.com/pathe/-/pathe-2.0.3.tgz#3ecbec55421685b70a9da872b2cff3e1cbed1716"
  integrity sha512-WUjGcAqP1gQacoQe+OBJsFA7Ld4DyXuUIjZ5cc75cLHvJ7dtNsTugphxIADwspS+AraAUePCKrSVtPLFj/F88w==

picocolors@^1.1.1:
  version "1.1.1"
  resolved "https://registry.yarnpkg.com/picocolors/-/picocolors-1.1.1.tgz#3d321af3eab939b083c8f929a1d12cda81c26b6b"
  integrity sha512-xceH2snhtb5M9liqDsmEw56le376mTZkEX/jEb/RxNFyegNul7eNslCXP9FDj/Lcu0X8KEyMceP2ntpaHrDEVA==

picomatch@^4.0.2:
  version "4.0.2"
  resolved "https://registry.yarnpkg.com/picomatch/-/picomatch-4.0.2.tgz#77c742931e8f3b8820946c76cd0c1f13730d1dab"
  integrity sha512-M7BAV6Rlcy5u+m6oPhAPFgJTzAioX/6B0DxyvDlo9l8+T3nLKbrczg2WLUyzd45L8RqfUMyGPzekbMvX2Ldkwg==

picomatch@^4.0.3:
  version "4.0.3"
  resolved "https://registry.yarnpkg.com/picomatch/-/picomatch-4.0.3.tgz#796c76136d1eead715db1e7bad785dedd695a042"
  integrity sha512-5gTmgEY/sqK6gFXLIsQNH19lWb4ebPDLA4SdLP7dsWkIXHWlG66oPuVvXSGFPppYZz8ZDZq0dYYrbHfBCVUb1Q==

postcss@^8.5.3:
  version "8.5.6"
  resolved "https://registry.yarnpkg.com/postcss/-/postcss-8.5.6.tgz#2825006615a619b4f62a9e7426cc120b349a8f3c"
  integrity sha512-3Ybi1tAuwAP9s0r1UQ2J4n5Y0G05bJkpUIO0/bI9MhwmD70S5aTWbXGBwxHrelT+XM1k6dM0pk+SwNkpTRN7Pg==
  dependencies:
    nanoid "^3.3.11"
    picocolors "^1.1.1"
    source-map-js "^1.2.1"

resolve-pkg-maps@^1.0.0:
  version "1.0.0"
  resolved "https://registry.yarnpkg.com/resolve-pkg-maps/-/resolve-pkg-maps-1.0.0.tgz#616b3dc2c57056b5588c31cdf4b3d64db133720f"
  integrity sha512-seS2Tj26TBVOC2NIc2rOe2y2ZO7efxITtLZcGSOnHHNOQ7CkiUBfw0Iw2ck6xkIhPwLhKNLS8BO+hEpngQlqzw==

rolldown@^1.0.0-beta.6:
  version "1.0.0-beta.52"
  resolved "https://registry.yarnpkg.com/rolldown/-/rolldown-1.0.0-beta.52.tgz#23b3abfb218ccfa89434bf23b19b539ac3319a75"
  integrity sha512-Hbnpljue+JhMJrlOjQ1ixp9me7sUec7OjFvS+A1Qm8k8Xyxmw3ZhxFu7LlSXW1s9AX3POE9W9o2oqCEeR5uDmg==
  dependencies:
    "@oxc-project/types" "=0.99.0"
    "@rolldown/pluginutils" "1.0.0-beta.52"
  optionalDependencies:
    "@rolldown/binding-android-arm64" "1.0.0-beta.52"
    "@rolldown/binding-darwin-arm64" "1.0.0-beta.52"
    "@rolldown/binding-darwin-x64" "1.0.0-beta.52"
    "@rolldown/binding-freebsd-x64" "1.0.0-beta.52"
    "@rolldown/binding-linux-arm-gnueabihf" "1.0.0-beta.52"
    "@rolldown/binding-linux-arm64-gnu" "1.0.0-beta.52"
    "@rolldown/binding-linux-arm64-musl" "1.0.0-beta.52"
    "@rolldown/binding-linux-x64-gnu" "1.0.0-beta.52"
    "@rolldown/binding-linux-x64-musl" "1.0.0-beta.52"
    "@rolldown/binding-openharmony-arm64" "1.0.0-beta.52"
    "@rolldown/binding-wasm32-wasi" "1.0.0-beta.52"
    "@rolldown/binding-win32-arm64-msvc" "1.0.0-beta.52"
    "@rolldown/binding-win32-ia32-msvc" "1.0.0-beta.52"
    "@rolldown/binding-win32-x64-msvc" "1.0.0-beta.52"

rollup-plugin-esbuild@^6.2.1:
  version "6.2.1"
  resolved "https://registry.yarnpkg.com/rollup-plugin-esbuild/-/rollup-plugin-esbuild-6.2.1.tgz#c556195465bf452965686e0f21adfe306b90c219"
  integrity sha512-jTNOMGoMRhs0JuueJrJqbW8tOwxumaWYq+V5i+PD+8ecSCVkuX27tGW7BXqDgoULQ55rO7IdNxPcnsWtshz3AA==
  dependencies:
    debug "^4.4.0"
    es-module-lexer "^1.6.0"
    get-tsconfig "^4.10.0"
    unplugin-utils "^0.2.4"

rollup@^4.34.9:
  version "4.53.3"
  resolved "https://registry.yarnpkg.com/rollup/-/rollup-4.53.3.tgz#dbc8cd8743b38710019fb8297e8d7a76e3faa406"
  integrity sha512-w8GmOxZfBmKknvdXU1sdM9NHcoQejwF/4mNgj2JuEEdRaHwwF12K7e9eXn1nLZ07ad+du76mkVsyeb2rKGllsA==
  dependencies:
    "@types/estree" "1.0.8"
  optionalDependencies:
    "@rollup/rollup-android-arm-eabi" "4.53.3"
    "@rollup/rollup-android-arm64" "4.53.3"
    "@rollup/rollup-darwin-arm64" "4.53.3"
    "@rollup/rollup-darwin-x64" "4.53.3"
    "@rollup/rollup-freebsd-arm64" "4.53.3"
    "@rollup/rollup-freebsd-x64" "4.53.3"
    "@rollup/rollup-linux-arm-gnueabihf" "4.53.3"
    "@rollup/rollup-linux-arm-musleabihf" "4.53.3"
    "@rollup/rollup-linux-arm64-gnu" "4.53.3"
    "@rollup/rollup-linux-arm64-musl" "4.53.3"
    "@rollup/rollup-linux-loong64-gnu" "4.53.3"
    "@rollup/rollup-linux-ppc64-gnu" "4.53.3"
    "@rollup/rollup-linux-riscv64-gnu" "4.53.3"
    "@rollup/rollup-linux-riscv64-musl" "4.53.3"
    "@rollup/rollup-linux-s390x-gnu" "4.53.3"
    "@rollup/rollup-linux-x64-gnu" "4.53.3"
    "@rollup/rollup-linux-x64-musl" "4.53.3"
    "@rollup/rollup-openharmony-arm64" "4.53.3"
    "@rollup/rollup-win32-arm64-msvc" "4.53.3"
    "@rollup/rollup-win32-ia32-msvc" "4.53.3"
    "@rollup/rollup-win32-x64-gnu" "4.53.3"
    "@rollup/rollup-win32-x64-msvc" "4.53.3"
    fsevents "~2.3.2"

source-map-js@^1.2.1:
  version "1.2.1"
  resolved "https://registry.yarnpkg.com/source-map-js/-/source-map-js-1.2.1.tgz#1ce5650fddd87abc099eda37dcff024c2667ae46"
  integrity sha512-UXWMKhLOwVKb728IUtQPXxfYU+usdybtUrK/8uGE8CQMvrhOpwvzDBwj0QhSL7MQc7vIsISBG8VQ8+IDQxpfQA==

tinyglobby@^0.2.13:
  version "0.2.15"
  resolved "https://registry.yarnpkg.com/tinyglobby/-/tinyglobby-0.2.15.tgz#e228dd1e638cea993d2fdb4fcd2d4602a79951c2"
  integrity sha512-j2Zq4NyQYG5XMST4cbs02Ak8iJUdxRM0XI5QyxXuZOzKOINmWurp3smXu3y5wDcJrptwpSjgXHzIQxR0omXljQ==
  dependencies:
    fdir "^6.5.0"
    picomatch "^4.0.3"

tslib@^2.4.0:
  version "2.8.1"
  resolved "https://registry.yarnpkg.com/tslib/-/tslib-2.8.1.tgz#612efe4ed235d567e8aba5f2a5fab70280ade83f"
  integrity sha512-oJFu94HQb+KVduSUQL7wnpmqnfmLsOA/nAh6b6EH0wCEoK0/mPeXU6c3wKDV83MkOuHPRHtSXKKU99IBazS/2w==

unplugin-utils@^0.2.4:
  version "0.2.4"
  resolved "https://registry.yarnpkg.com/unplugin-utils/-/unplugin-utils-0.2.4.tgz#56e4029a6906645a10644f8befc404b06d5d24d0"
  integrity sha512-8U/MtpkPkkk3Atewj1+RcKIjb5WBimZ/WSLhhR3w6SsIj8XJuKTacSP8g+2JhfSGw0Cb125Y+2zA/IzJZDVbhA==
  dependencies:
    pathe "^2.0.2"
    picomatch "^4.0.2"

vite@^6.0.0:
  version "6.4.1"
  resolved "https://registry.yarnpkg.com/vite/-/vite-6.4.1.tgz#afbe14518cdd6887e240a4b0221ab6d0ce733f96"
  integrity sha512-+Oxm7q9hDoLMyJOYfUYBuHQo+dkAloi33apOPP56pzj+vsdJDzr+j1NISE5pyaAuKL4A3UD34qd0lx5+kfKp2g==
  dependencies:
    esbuild "^0.25.0"
    fdir "^6.4.4"
    picomatch "^4.0.2"
    postcss "^8.5.3"
    rollup "^4.34.9"
    tinyglobby "^0.2.13"
  optionalDependencies:
    fsevents "~2.3.3"
