# THIS IS AN AUTOGENERATED FILE. DO NOT EDIT THIS FILE DIRECTLY.
# yarn lockfile v1


"@emnapi/core@^1.3.1":
  version "1.3.1"
  resolved "https://registry.yarnpkg.com/@emnapi/core/-/core-1.3.1.tgz#9c62d185372d1bddc94682b87f376e03dfac3f16"
  integrity sha512-pVGjBIt1Y6gg3EJN8jTcfpP/+uuRksIo055oE/OBkDNcjZqVbfkWCksG1Jp4yZnj3iKWyWX8fdG/j6UDYPbFog==
  dependencies:
    "@emnapi/wasi-threads" "1.0.1"
    tslib "^2.4.0"

"@emnapi/runtime@^1.3.1":
  version "1.3.1"
  resolved "https://registry.yarnpkg.com/@emnapi/runtime/-/runtime-1.3.1.tgz#0fcaa575afc31f455fd33534c19381cfce6c6f60"
  integrity sha512-kEBmG8KyqtxJZv+ygbEim+KCGtIq1fC22Ms3S4ziXmYKm8uyoLX0MHONVKwp+9opg390VaKRNt4a7A9NwmpNhw==
  dependencies:
    tslib "^2.4.0"

"@emnapi/wasi-threads@1.0.1":
  version "1.0.1"
  resolved "https://registry.yarnpkg.com/@emnapi/wasi-threads/-/wasi-threads-1.0.1.tgz#d7ae71fd2166b1c916c6cd2d0df2ef565a2e1a5b"
  integrity sha512-iIBu7mwkq4UQGeMEM8bLwNK962nXdhodeScX4slfQnRhEMMzvYivHhutCIk8uojvmASXXPC2WNEjwxFWk72Oqw==
  dependencies:
    tslib "^2.4.0"

"@napi-rs/wasm-runtime@^0.2.4":
  version "0.2.7"
  resolved "https://registry.yarnpkg.com/@napi-rs/wasm-runtime/-/wasm-runtime-0.2.7.tgz#288f03812a408bc53c2c3686c65f38fe90f295eb"
  integrity sha512-5yximcFK5FNompXfJFoWanu5l8v1hNGqNHh9du1xETp9HWk/B/PzvchX55WYOPaIeNglG8++68AAiauBAtbnzw==
  dependencies:
    "@emnapi/core" "^1.3.1"
    "@emnapi/runtime" "^1.3.1"
    "@tybys/wasm-util" "^0.9.0"

"@oxc-project/types@0.58.1":
  version "0.58.1"
  resolved "https://registry.yarnpkg.com/@oxc-project/types/-/types-0.58.1.tgz#356e2f33477083ff8b868440d3cceaab1f93cb05"
  integrity sha512-/412rL5TIAsZJ428FvFsZCKYsnnKsABv9Z7xZmdtUylGT+qiN240wHU++HdHwYj2j1A5SeScB4O4t8EjjcPlUw==

"@rolldown/binding-darwin-arm64@1.0.0-beta.6":
  version "1.0.0-beta.6"
  resolved "https://registry.yarnpkg.com/@rolldown/binding-darwin-arm64/-/binding-darwin-arm64-1.0.0-beta.6.tgz#31bcecd7b51929fa60059b2187549669dfb800e8"
  integrity sha512-Dzayzv3wH3q+mLu+ZTNIqykV502amJnMsyVEGQHZ4Nq4GQ5w0nrMFH0zs+imIb1C+NYPUXMcIj/UF/PDWXvVUA==

"@rolldown/binding-darwin-x64@1.0.0-beta.6":
  version "1.0.0-beta.6"
  resolved "https://registry.yarnpkg.com/@rolldown/binding-darwin-x64/-/binding-darwin-x64-1.0.0-beta.6.tgz#2a5a5e9e23bf4572c2b417157532f4d68762b9e1"
  integrity sha512-Qd+Dyus1TbFTqDcUh4QQ1rEtEoP69IMB6bQdLtzijvYzhV1P2isnCDPsgjebqz+3Jb850UQMWSQf0ygaLdsD7g==

"@rolldown/binding-freebsd-x64@1.0.0-beta.6":
  version "1.0.0-beta.6"
  resolved "https://registry.yarnpkg.com/@rolldown/binding-freebsd-x64/-/binding-freebsd-x64-1.0.0-beta.6.tgz#85e88542558defce9540a70b6355f8bc6d72f559"
  integrity sha512-nPCph8jSXMUXIUgiIEZM32jb+XsOU63vVkk6SEIMQh8HBxpNw1xISj4WFpywMI97hVjiQxEZOzPiqSeOPJoJZA==

"@rolldown/binding-linux-arm-gnueabihf@1.0.0-beta.6":
  version "1.0.0-beta.6"
  resolved "https://registry.yarnpkg.com/@rolldown/binding-linux-arm-gnueabihf/-/binding-linux-arm-gnueabihf-1.0.0-beta.6.tgz#f333babe7053e0e7314afe28aa64201b276d8424"
  integrity sha512-V/0LsI5O6rQVE84HZllvTWlwX2AwnbU9NP50oJn7TrnWFwaVyV/x+FwCl6DykV3GhBc2t6Pp4X35L+Q5v9Kjtg==

"@rolldown/binding-linux-arm64-gnu@1.0.0-beta.6":
  version "1.0.0-beta.6"
  resolved "https://registry.yarnpkg.com/@rolldown/binding-linux-arm64-gnu/-/binding-linux-arm64-gnu-1.0.0-beta.6.tgz#d77430405fde53e1a21e3b869a84be8a3458ca7a"
  integrity sha512-uk4bBCq2IS586gjo6BwzBePrXij/zzU0rwIAOzg7XnIGrgnhZ8iUwX1tUHwOTLATeFfvdAF3dN3eLdObt7Q6XQ==

"@rolldown/binding-linux-arm64-musl@1.0.0-beta.6":
  version "1.0.0-beta.6"
  resolved "https://registry.yarnpkg.com/@rolldown/binding-linux-arm64-musl/-/binding-linux-arm64-musl-1.0.0-beta.6.tgz#95fd7d3a332469dd3d60d042abd376941d5f9a43"
  integrity sha512-+DEjh4orr5vGASIjFuEtjIfKpSF9wPbUG5QCJ+zdXJ+e/SPb5GxqzhAAGAQE9upWzVYU4Gca4WxzP51JEVU40w==

"@rolldown/binding-linux-x64-gnu@1.0.0-beta.6":
  version "1.0.0-beta.6"
  resolved "https://registry.yarnpkg.com/@rolldown/binding-linux-x64-gnu/-/binding-linux-x64-gnu-1.0.0-beta.6.tgz#8d6d307e98a5552f4a6b1946af8734ca6e52d7e7"
  integrity sha512-/ruUtvsP5iXFqOqrhymjz2oH+KLsDyyJaD0YSwuM0Sf3kCtQ4D2cpnMzjzTWtdPrP2NKFduDCFazYKiGyPtIfQ==

"@rolldown/binding-linux-x64-musl@1.0.0-beta.6":
  version "1.0.0-beta.6"
  resolved "https://registry.yarnpkg.com/@rolldown/binding-linux-x64-musl/-/binding-linux-x64-musl-1.0.0-beta.6.tgz#5bcd9dd51034d91cb4aa2678d36296bf5cafa11b"
  integrity sha512-1RCIuyk0kDzPLwopcsfFXjWqUVuzn54nQNk+97O9auREIshEOEf/c3+xpjKNKYpLXpV9ZetLlgv60E1yE3conw==

"@rolldown/binding-wasm32-wasi@1.0.0-beta.6":
  version "1.0.0-beta.6"
  resolved "https://registry.yarnpkg.com/@rolldown/binding-wasm32-wasi/-/binding-wasm32-wasi-1.0.0-beta.6.tgz#9faf81e1dac84b4f388d47c94fa4712f3f5adc1c"
  integrity sha512-da3ACjk70tIT6QNQCaLjDZ0uFBAO8H3UT+tfm1rclE6SAACCwiXZV5qC8yprNguE0wx8QvhyWnt1h9R50UovGg==
  dependencies:
    "@napi-rs/wasm-runtime" "^0.2.4"

"@rolldown/binding-win32-arm64-msvc@1.0.0-beta.6":
  version "1.0.0-beta.6"
  resolved "https://registry.yarnpkg.com/@rolldown/binding-win32-arm64-msvc/-/binding-win32-arm64-msvc-1.0.0-beta.6.tgz#7d9e49c5ec45d236e82219abc479704f96050691"
  integrity sha512-sh0YWjjQrNGzv3BFSQnySKP1+0RboVX4TMY4oyoqmhe1pDbUVFmIbdSWPAH9ppIX1DVYoR/g/gcGIi/XgZZlEw==

"@rolldown/binding-win32-ia32-msvc@1.0.0-beta.6":
  version "1.0.0-beta.6"
  resolved "https://registry.yarnpkg.com/@rolldown/binding-win32-ia32-msvc/-/binding-win32-ia32-msvc-1.0.0-beta.6.tgz#db8aea987dd6f376154777dd6273eaadf4eb4b09"
  integrity sha512-IqoZ4+vVVdO0YcKm2NdzhCdGIQm63JSaI5dK/BS+AmwfjB+7ThTnmYw9qhoNIOrQ4f/Dyjlmp+E23N+JzcmxwQ==

"@rolldown/binding-win32-x64-msvc@1.0.0-beta.6":
  version "1.0.0-beta.6"
  resolved "https://registry.yarnpkg.com/@rolldown/binding-win32-x64-msvc/-/binding-win32-x64-msvc-1.0.0-beta.6.tgz#bf1ef03d877458e65c531456ff5231cfe52b156c"
  integrity sha512-ZxH7/+Wa88KiBa4TMCz8gj6TNewVeZr1J93TwU4AA6U2TFTgtkrx/9DbYUhoQ/m9L5+iHaPT++z2la5nVr9t+A==

"@tybys/wasm-util@^0.9.0":
  version "0.9.0"
  resolved "https://registry.yarnpkg.com/@tybys/wasm-util/-/wasm-util-0.9.0.tgz#3e75eb00604c8d6db470bf18c37b7d984a0e3355"
  integrity sha512-6+7nlbMVX/PVDCwaIQ8nTOPveOcFLSt8GcXdx8hD0bt39uWxYT88uXzqTd4fTvqta7oeUJqudepapKNt2DYJFw==
  dependencies:
    tslib "^2.4.0"

"@valibot/to-json-schema@1.0.0-rc.0":
  version "1.0.0-rc.0"
  resolved "https://registry.yarnpkg.com/@valibot/to-json-schema/-/to-json-schema-1.0.0-rc.0.tgz#420f08ebb0d6d1f82b24e3ab1fb90b74b66a5fa9"
  integrity sha512-F3WDgnPzcDs9Y8qZwU9qfPnEJBQ6lCMCFjI7VsMjAza6yAixGr4cZ50gOy6zniSCk49GkFvq2a6cBKfZjTpyOw==

rolldown@^1.0.0-beta.6:
  version "1.0.0-beta.6"
  resolved "https://registry.yarnpkg.com/rolldown/-/rolldown-1.0.0-beta.6.tgz#187220d8b1903725131f241755f7335f3e44086b"
  integrity sha512-0FOZc1kJtHoCR4Se72yFISk3X1kjMtWHQ/567fRw1PMxtQY0cZ0h32pq85tQhMVJkyp5HZ9Mlz9sCx0BUFVeIw==
  dependencies:
    "@oxc-project/types" "0.58.1"
    "@valibot/to-json-schema" "1.0.0-rc.0"
    valibot "1.0.0-rc.4"
  optionalDependencies:
    "@rolldown/binding-darwin-arm64" "1.0.0-beta.6"
    "@rolldown/binding-darwin-x64" "1.0.0-beta.6"
    "@rolldown/binding-freebsd-x64" "1.0.0-beta.6"
    "@rolldown/binding-linux-arm-gnueabihf" "1.0.0-beta.6"
    "@rolldown/binding-linux-arm64-gnu" "1.0.0-beta.6"
    "@rolldown/binding-linux-arm64-musl" "1.0.0-beta.6"
    "@rolldown/binding-linux-x64-gnu" "1.0.0-beta.6"
    "@rolldown/binding-linux-x64-musl" "1.0.0-beta.6"
    "@rolldown/binding-wasm32-wasi" "1.0.0-beta.6"
    "@rolldown/binding-win32-arm64-msvc" "1.0.0-beta.6"
    "@rolldown/binding-win32-ia32-msvc" "1.0.0-beta.6"
    "@rolldown/binding-win32-x64-msvc" "1.0.0-beta.6"

tslib@^2.4.0:
  version "2.8.1"
  resolved "https://registry.yarnpkg.com/tslib/-/tslib-2.8.1.tgz#612efe4ed235d567e8aba5f2a5fab70280ade83f"
  integrity sha512-oJFu94HQb+KVduSUQL7wnpmqnfmLsOA/nAh6b6EH0wCEoK0/mPeXU6c3wKDV83MkOuHPRHtSXKKU99IBazS/2w==

valibot@1.0.0-rc.4:
  version "1.0.0-rc.4"
  resolved "https://registry.yarnpkg.com/valibot/-/valibot-1.0.0-rc.4.tgz#b6b671a8b3c54bb24fe949e17487d5f953ec46db"
  integrity sha512-VRaChgFv7Ab0P54AMLu7+GqoexdTPQ54Plj59X9qV0AFozI3j9CGH43skg+TqgMpXnrW8jxlJ2TTHAtAD3t4qA==
